
Microsoft Visual Studio Solution File, Format Version 12.00
# Visual Studio Version 17
VisualStudioVersion = 17.10.34916.146
MinimumVisualStudioVersion = 10.0.40219.1
Project("{9A19103F-16F7-4668-BE54-9A1E7A4F7556}") = "proyecto_final_prog2.IOC", "proyecto_final_prog2.IOC.csproj", "{C8A16BDA-4E63-4519-AAB8-57D2BADC2F63}"
EndProject
Global
	GlobalSection(SolutionConfigurationPlatforms) = preSolution
		Debug|Any CPU = Debug|Any CPU
		Release|Any CPU = Release|Any CPU
	EndGlobalSection
	GlobalSection(ProjectConfigurationPlatforms) = postSolution
		{C8A16BDA-4E63-4519-AAB8-57D2BADC2F63}.Debug|Any CPU.ActiveCfg = Debug|Any CPU
		{C8A16BDA-4E63-4519-AAB8-57D2BADC2F63}.Debug|Any CPU.Build.0 = Debug|Any CPU
		{C8A16BDA-4E63-4519-AAB8-57D2BADC2F63}.Release|Any CPU.ActiveCfg = Release|Any CPU
		{C8A16BDA-4E63-4519-AAB8-57D2BADC2F63}.Release|Any CPU.Build.0 = Release|Any CPU
	EndGlobalSection
	GlobalSection(SolutionProperties) = preSolution
		HideSolutionNode = FALSE
	EndGlobalSection
	GlobalSection(ExtensibilityGlobals) = postSolution
		SolutionGuid = {C3AE7EB1-5419-4D2B-9F6A-97C8FBB0D456}
	EndGlobalSection
EndGlobal
